
Microsoft Visual Studio Solution File, Format Version 12.00
# Visual Studio 2013
VisualStudioVersion = 12.0.30723.0
MinimumVisualStudioVersion = 10.0.40219.1
Project("{FAE04EC0-301F-11D3-BF4B-00C04F79EFBC}") = "ModularTest", "ModularTest\ModularTest.csproj", "{4176E807-A68C-42D9-B75C-1DF8749C6117}"
EndProject
Project("{FAE04EC0-301F-11D3-BF4B-00C04F79EFBC}") = "TestModule", "TestModule\TestModule.csproj", "{B25D42B1-EB06-4FC7-BF28-360F982B96A8}"
EndProject
Project("{FAE04EC0-301F-11D3-BF4B-00C04F79EFBC}") = "Modular", "Modular\Modular.csproj", "{5185FF6E-8CD7-45A3-9BA1-D9E471F4EF5B}"
EndProject
Global
	GlobalSection(SolutionConfigurationPlatforms) = preSolution
		Debug|Any CPU = Debug|Any CPU
		Release|Any CPU = Release|Any CPU
	EndGlobalSection
	GlobalSection(ProjectConfigurationPlatforms) = postSolution
		{4176E807-A68C-42D9-B75C-1DF8749C6117}.Debug|Any CPU.ActiveCfg = Debug|Any CPU
		{4176E807-A68C-42D9-B75C-1DF8749C6117}.Debug|Any CPU.Build.0 = Debug|Any CPU
		{4176E807-A68C-42D9-B75C-1DF8749C6117}.Release|Any CPU.ActiveCfg = Release|Any CPU
		{4176E807-A68C-42D9-B75C-1DF8749C6117}.Release|Any CPU.Build.0 = Release|Any CPU
		{B25D42B1-EB06-4FC7-BF28-360F982B96A8}.Debug|Any CPU.ActiveCfg = Debug|Any CPU
		{B25D42B1-EB06-4FC7-BF28-360F982B96A8}.Debug|Any CPU.Build.0 = Debug|Any CPU
		{B25D42B1-EB06-4FC7-BF28-360F982B96A8}.Release|Any CPU.ActiveCfg = Release|Any CPU
		{B25D42B1-EB06-4FC7-BF28-360F982B96A8}.Release|Any CPU.Build.0 = Release|Any CPU
		{5185FF6E-8CD7-45A3-9BA1-D9E471F4EF5B}.Debug|Any CPU.ActiveCfg = Debug|Any CPU
		{5185FF6E-8CD7-45A3-9BA1-D9E471F4EF5B}.Debug|Any CPU.Build.0 = Debug|Any CPU
		{5185FF6E-8CD7-45A3-9BA1-D9E471F4EF5B}.Release|Any CPU.ActiveCfg = Release|Any CPU
		{5185FF6E-8CD7-45A3-9BA1-D9E471F4EF5B}.Release|Any CPU.Build.0 = Release|Any CPU
	EndGlobalSection
	GlobalSection(SolutionProperties) = preSolution
		HideSolutionNode = FALSE
	EndGlobalSection
EndGlobal
